
Microsoft Visual Studio Solution File, Format Version 12.00
# Visual Studio Version 17
VisualStudioVersion = 17.1.32407.343
MinimumVisualStudioVersion = 10.0.40219.1
Project("{FAE04EC0-301F-11D3-BF4B-00C04F79EFBC}") = "Postgres.Scheduler", "Postgres.Scheduler\Postgres.Scheduler.csproj", "{5D3D8347-E254-458A-A80C-989E50473443}"
EndProject
Global
	GlobalSection(SolutionConfigurationPlatforms) = preSolution
		Debug|Any CPU = Debug|Any CPU
		Release|Any CPU = Release|Any CPU
	EndGlobalSection
	GlobalSection(ProjectConfigurationPlatforms) = postSolution
		{5D3D8347-E254-458A-A80C-989E50473443}.Debug|Any CPU.ActiveCfg = Debug|Any CPU
		{5D3D8347-E254-458A-A80C-989E50473443}.Debug|Any CPU.Build.0 = Debug|Any CPU
		{5D3D8347-E254-458A-A80C-989E50473443}.Release|Any CPU.ActiveCfg = Release|Any CPU
		{5D3D8347-E254-458A-A80C-989E50473443}.Release|Any CPU.Build.0 = Release|Any CPU
	EndGlobalSection
	GlobalSection(SolutionProperties) = preSolution
		HideSolutionNode = FALSE
	EndGlobalSection
	GlobalSection(ExtensibilityGlobals) = postSolution
		SolutionGuid = {76701E44-CC00-4DF3-81B9-4BAD076DA46C}
	EndGlobalSection
EndGlobal
